
Microsoft Visual Studio Solution File, Format Version 12.00
# Visual Studio Version 16
VisualStudioVersion = 16.0.30309.148
MinimumVisualStudioVersion = 10.0.40219.1
Project("{2150E333-8FDC-42A3-9474-1A3956D46DE8}") = "test", "test", "{0BA11AC6-710B-4A48-8259-E32182719C78}"
EndProject
Project("{FAE04EC0-301F-11D3-BF4B-00C04F79EFBC}") = "viewjson", "tool\viewjson\viewjson.csproj", "{F11C9933-128C-4B8E-926F-666294E6FBFC}"
EndProject
Project("{E24C65DC-7377-472B-9ABA-BC803B73C61A}") = "web", "..\test\web\", "{6260C88A-BAA3-48C4-9730-608E178B5883}"
	ProjectSection(WebsiteProperties) = preProject
		TargetFrameworkMoniker = ".NETFramework,Version%3Dv4.5.2"
		Debug.AspNetCompiler.VirtualPath = "/localhost_51046"
		Debug.AspNetCompiler.PhysicalPath = "..\test\web\"
		Debug.AspNetCompiler.TargetPath = "PrecompiledWeb\localhost_51046\"
		Debug.AspNetCompiler.Updateable = "true"
		Debug.AspNetCompiler.ForceOverwrite = "true"
		Debug.AspNetCompiler.FixedNames = "false"
		Debug.AspNetCompiler.Debug = "True"
		Release.AspNetCompiler.VirtualPath = "/localhost_51046"
		Release.AspNetCompiler.PhysicalPath = "..\test\web\"
		Release.AspNetCompiler.TargetPath = "PrecompiledWeb\localhost_51046\"
		Release.AspNetCompiler.Updateable = "true"
		Release.AspNetCompiler.ForceOverwrite = "true"
		Release.AspNetCompiler.FixedNames = "false"
		Release.AspNetCompiler.Debug = "False"
		VWDPort = "51046"
		SlnRelativePath = "..\test\web\"
	EndProjectSection
EndProject
Project("{E24C65DC-7377-472B-9ABA-BC803B73C61A}") = "test(1)", "..\test\test\", "{40C35EA9-3EC0-474D-8941-2DF397332876}"
	ProjectSection(WebsiteProperties) = preProject
		TargetFrameworkMoniker = ".NETFramework,Version%3Dv4.5.2"
		Debug.AspNetCompiler.VirtualPath = "/localhost_54448"
		Debug.AspNetCompiler.PhysicalPath = "..\test\test\"
		Debug.AspNetCompiler.TargetPath = "PrecompiledWeb\localhost_54448\"
		Debug.AspNetCompiler.Updateable = "true"
		Debug.AspNetCompiler.ForceOverwrite = "true"
		Debug.AspNetCompiler.FixedNames = "false"
		Debug.AspNetCompiler.Debug = "True"
		Release.AspNetCompiler.VirtualPath = "/localhost_54448"
		Release.AspNetCompiler.PhysicalPath = "..\test\test\"
		Release.AspNetCompiler.TargetPath = "PrecompiledWeb\localhost_54448\"
		Release.AspNetCompiler.Updateable = "true"
		Release.AspNetCompiler.ForceOverwrite = "true"
		Release.AspNetCompiler.FixedNames = "false"
		Release.AspNetCompiler.Debug = "False"
		VWDPort = "54448"
		SlnRelativePath = "..\test\test\"
	EndProjectSection
EndProject
Project("{E24C65DC-7377-472B-9ABA-BC803B73C61A}") = "base", "..\test\base\", "{D19AF69B-7699-4F00-AA90-D15FF75A07C5}"
	ProjectSection(WebsiteProperties) = preProject
		TargetFrameworkMoniker = ".NETFramework,Version%3Dv4.0"
		Debug.AspNetCompiler.VirtualPath = "/localhost_61895"
		Debug.AspNetCompiler.PhysicalPath = "..\test\base\"
		Debug.AspNetCompiler.TargetPath = "PrecompiledWeb\localhost_61895\"
		Debug.AspNetCompiler.Updateable = "true"
		Debug.AspNetCompiler.ForceOverwrite = "true"
		Debug.AspNetCompiler.FixedNames = "false"
		Debug.AspNetCompiler.Debug = "True"
		Release.AspNetCompiler.VirtualPath = "/localhost_61895"
		Release.AspNetCompiler.PhysicalPath = "..\test\base\"
		Release.AspNetCompiler.TargetPath = "PrecompiledWeb\localhost_61895\"
		Release.AspNetCompiler.Updateable = "true"
		Release.AspNetCompiler.ForceOverwrite = "true"
		Release.AspNetCompiler.FixedNames = "false"
		Release.AspNetCompiler.Debug = "False"
		VWDPort = "61895"
		SlnRelativePath = "..\test\base\"
	EndProjectSection
EndProject
Project("{E24C65DC-7377-472B-9ABA-BC803B73C61A}") = "Dashkit-1.5.1", "..\Projects\themes\Dashkit-1.5.1\", "{17204E7A-CE2F-41AC-BC30-0C0637193FF4}"
	ProjectSection(WebsiteProperties) = preProject
		TargetFrameworkMoniker = ".NETFramework,Version%3Dv4.0"
		Debug.AspNetCompiler.VirtualPath = "/localhost_54573"
		Debug.AspNetCompiler.PhysicalPath = "..\Projects\themes\Dashkit-1.5.1\"
		Debug.AspNetCompiler.TargetPath = "PrecompiledWeb\localhost_54573\"
		Debug.AspNetCompiler.Updateable = "true"
		Debug.AspNetCompiler.ForceOverwrite = "true"
		Debug.AspNetCompiler.FixedNames = "false"
		Debug.AspNetCompiler.Debug = "True"
		Release.AspNetCompiler.VirtualPath = "/localhost_54573"
		Release.AspNetCompiler.PhysicalPath = "..\Projects\themes\Dashkit-1.5.1\"
		Release.AspNetCompiler.TargetPath = "PrecompiledWeb\localhost_54573\"
		Release.AspNetCompiler.Updateable = "true"
		Release.AspNetCompiler.ForceOverwrite = "true"
		Release.AspNetCompiler.FixedNames = "false"
		Release.AspNetCompiler.Debug = "False"
		VWDPort = "54573"
		SlnRelativePath = "..\Projects\themes\Dashkit-1.5.1\"
	EndProjectSection
EndProject
Project("{E24C65DC-7377-472B-9ABA-BC803B73C61A}") = "5", "..\Mascot\5\", "{9BE95991-8268-4685-AB8B-7A4B4A83D877}"
	ProjectSection(WebsiteProperties) = preProject
		TargetFrameworkMoniker = ".NETFramework,Version%3Dv4.0"
		Debug.AspNetCompiler.VirtualPath = "/localhost_62420"
		Debug.AspNetCompiler.PhysicalPath = "..\Mascot\5\"
		Debug.AspNetCompiler.TargetPath = "PrecompiledWeb\localhost_62420\"
		Debug.AspNetCompiler.Updateable = "true"
		Debug.AspNetCompiler.ForceOverwrite = "true"
		Debug.AspNetCompiler.FixedNames = "false"
		Debug.AspNetCompiler.Debug = "True"
		Release.AspNetCompiler.VirtualPath = "/localhost_62420"
		Release.AspNetCompiler.PhysicalPath = "..\Mascot\5\"
		Release.AspNetCompiler.TargetPath = "PrecompiledWeb\localhost_62420\"
		Release.AspNetCompiler.Updateable = "true"
		Release.AspNetCompiler.ForceOverwrite = "true"
		Release.AspNetCompiler.FixedNames = "false"
		Release.AspNetCompiler.Debug = "False"
		VWDPort = "62420"
		SlnRelativePath = "..\Mascot\5\"
	EndProjectSection
EndProject
Project("{E24C65DC-7377-472B-9ABA-BC803B73C61A}") = "njs", "njs\", "{D841981F-B8C6-4B3B-94F8-D45455BE9728}"
	ProjectSection(WebsiteProperties) = preProject
		TargetFrameworkMoniker = ".NETFramework,Version%3Dv4.0"
		Debug.AspNetCompiler.VirtualPath = "/localhost_58263"
		Debug.AspNetCompiler.PhysicalPath = "njs\"
		Debug.AspNetCompiler.TargetPath = "PrecompiledWeb\localhost_58263\"
		Debug.AspNetCompiler.Updateable = "true"
		Debug.AspNetCompiler.ForceOverwrite = "true"
		Debug.AspNetCompiler.FixedNames = "false"
		Debug.AspNetCompiler.Debug = "True"
		Release.AspNetCompiler.VirtualPath = "/localhost_58263"
		Release.AspNetCompiler.PhysicalPath = "njs\"
		Release.AspNetCompiler.TargetPath = "PrecompiledWeb\localhost_58263\"
		Release.AspNetCompiler.Updateable = "true"
		Release.AspNetCompiler.ForceOverwrite = "true"
		Release.AspNetCompiler.FixedNames = "false"
		Release.AspNetCompiler.Debug = "False"
		VWDPort = "58263"
		SlnRelativePath = "njs\"
	EndProjectSection
EndProject
Project("{E24C65DC-7377-472B-9ABA-BC803B73C61A}") = "test", "test\", "{79D456A2-2610-4EAC-BD84-72ED40A6C735}"
	ProjectSection(WebsiteProperties) = preProject
		TargetFrameworkMoniker = ".NETFramework,Version%3Dv4.0"
		Debug.AspNetCompiler.VirtualPath = "/localhost_50229"
		Debug.AspNetCompiler.PhysicalPath = "test\"
		Debug.AspNetCompiler.TargetPath = "PrecompiledWeb\localhost_50229\"
		Debug.AspNetCompiler.Updateable = "true"
		Debug.AspNetCompiler.ForceOverwrite = "true"
		Debug.AspNetCompiler.FixedNames = "false"
		Debug.AspNetCompiler.Debug = "True"
		Release.AspNetCompiler.VirtualPath = "/localhost_50229"
		Release.AspNetCompiler.PhysicalPath = "test\"
		Release.AspNetCompiler.TargetPath = "PrecompiledWeb\localhost_50229\"
		Release.AspNetCompiler.Updateable = "true"
		Release.AspNetCompiler.ForceOverwrite = "true"
		Release.AspNetCompiler.FixedNames = "false"
		Release.AspNetCompiler.Debug = "False"
		VWDPort = "50229"
		SlnRelativePath = "test\"
	EndProjectSection
EndProject
Project("{E24C65DC-7377-472B-9ABA-BC803B73C61A}") = "sdk", "sdk\", "{5A2DA0E7-905D-41C8-855B-53D4011F1890}"
	ProjectSection(WebsiteProperties) = preProject
		TargetFrameworkMoniker = ".NETFramework,Version%3Dv4.0"
		Debug.AspNetCompiler.VirtualPath = "/localhost_50226"
		Debug.AspNetCompiler.PhysicalPath = "sdk\"
		Debug.AspNetCompiler.TargetPath = "PrecompiledWeb\localhost_50226\"
		Debug.AspNetCompiler.Updateable = "true"
		Debug.AspNetCompiler.ForceOverwrite = "true"
		Debug.AspNetCompiler.FixedNames = "false"
		Debug.AspNetCompiler.Debug = "True"
		Release.AspNetCompiler.VirtualPath = "/localhost_50226"
		Release.AspNetCompiler.PhysicalPath = "sdk\"
		Release.AspNetCompiler.TargetPath = "PrecompiledWeb\localhost_50226\"
		Release.AspNetCompiler.Updateable = "true"
		Release.AspNetCompiler.ForceOverwrite = "true"
		Release.AspNetCompiler.FixedNames = "false"
		Release.AspNetCompiler.Debug = "False"
		VWDPort = "50226"
		SlnRelativePath = "sdk\"
	EndProjectSection
EndProject
Project("{E24C65DC-7377-472B-9ABA-BC803B73C61A}") = "cms", "cms\", "{BFA543D8-D943-4917-9105-DD0B110DA850}"
	ProjectSection(WebsiteProperties) = preProject
		TargetFrameworkMoniker = ".NETFramework,Version%3Dv4.0"
		Debug.AspNetCompiler.VirtualPath = "/localhost_57422"
		Debug.AspNetCompiler.PhysicalPath = "cms\"
		Debug.AspNetCompiler.TargetPath = "PrecompiledWeb\localhost_57422\"
		Debug.AspNetCompiler.Updateable = "true"
		Debug.AspNetCompiler.ForceOverwrite = "true"
		Debug.AspNetCompiler.FixedNames = "false"
		Debug.AspNetCompiler.Debug = "True"
		Release.AspNetCompiler.VirtualPath = "/localhost_57422"
		Release.AspNetCompiler.PhysicalPath = "cms\"
		Release.AspNetCompiler.TargetPath = "PrecompiledWeb\localhost_57422\"
		Release.AspNetCompiler.Updateable = "true"
		Release.AspNetCompiler.ForceOverwrite = "true"
		Release.AspNetCompiler.FixedNames = "false"
		Release.AspNetCompiler.Debug = "False"
		VWDPort = "57422"
		SlnRelativePath = "cms\"
	EndProjectSection
EndProject
Global
	GlobalSection(SolutionConfigurationPlatforms) = preSolution
		Debug|Any CPU = Debug|Any CPU
		Release|Any CPU = Release|Any CPU
	EndGlobalSection
	GlobalSection(ProjectConfigurationPlatforms) = postSolution
		{F11C9933-128C-4B8E-926F-666294E6FBFC}.Debug|Any CPU.ActiveCfg = Debug|Any CPU
		{F11C9933-128C-4B8E-926F-666294E6FBFC}.Debug|Any CPU.Build.0 = Debug|Any CPU
		{F11C9933-128C-4B8E-926F-666294E6FBFC}.Release|Any CPU.ActiveCfg = Release|Any CPU
		{F11C9933-128C-4B8E-926F-666294E6FBFC}.Release|Any CPU.Build.0 = Release|Any CPU
		{6260C88A-BAA3-48C4-9730-608E178B5883}.Debug|Any CPU.ActiveCfg = Debug|Any CPU
		{6260C88A-BAA3-48C4-9730-608E178B5883}.Debug|Any CPU.Build.0 = Debug|Any CPU
		{6260C88A-BAA3-48C4-9730-608E178B5883}.Release|Any CPU.ActiveCfg = Debug|Any CPU
		{6260C88A-BAA3-48C4-9730-608E178B5883}.Release|Any CPU.Build.0 = Debug|Any CPU
		{40C35EA9-3EC0-474D-8941-2DF397332876}.Debug|Any CPU.ActiveCfg = Debug|Any CPU
		{40C35EA9-3EC0-474D-8941-2DF397332876}.Debug|Any CPU.Build.0 = Debug|Any CPU
		{40C35EA9-3EC0-474D-8941-2DF397332876}.Release|Any CPU.ActiveCfg = Debug|Any CPU
		{40C35EA9-3EC0-474D-8941-2DF397332876}.Release|Any CPU.Build.0 = Debug|Any CPU
		{D19AF69B-7699-4F00-AA90-D15FF75A07C5}.Debug|Any CPU.ActiveCfg = Debug|Any CPU
		{D19AF69B-7699-4F00-AA90-D15FF75A07C5}.Debug|Any CPU.Build.0 = Debug|Any CPU
		{D19AF69B-7699-4F00-AA90-D15FF75A07C5}.Release|Any CPU.ActiveCfg = Debug|Any CPU
		{D19AF69B-7699-4F00-AA90-D15FF75A07C5}.Release|Any CPU.Build.0 = Debug|Any CPU
		{17204E7A-CE2F-41AC-BC30-0C0637193FF4}.Debug|Any CPU.ActiveCfg = Debug|Any CPU
		{17204E7A-CE2F-41AC-BC30-0C0637193FF4}.Debug|Any CPU.Build.0 = Debug|Any CPU
		{17204E7A-CE2F-41AC-BC30-0C0637193FF4}.Release|Any CPU.ActiveCfg = Debug|Any CPU
		{17204E7A-CE2F-41AC-BC30-0C0637193FF4}.Release|Any CPU.Build.0 = Debug|Any CPU
		{9BE95991-8268-4685-AB8B-7A4B4A83D877}.Debug|Any CPU.ActiveCfg = Debug|Any CPU
		{9BE95991-8268-4685-AB8B-7A4B4A83D877}.Debug|Any CPU.Build.0 = Debug|Any CPU
		{9BE95991-8268-4685-AB8B-7A4B4A83D877}.Release|Any CPU.ActiveCfg = Debug|Any CPU
		{9BE95991-8268-4685-AB8B-7A4B4A83D877}.Release|Any CPU.Build.0 = Debug|Any CPU
		{D841981F-B8C6-4B3B-94F8-D45455BE9728}.Debug|Any CPU.ActiveCfg = Debug|Any CPU
		{D841981F-B8C6-4B3B-94F8-D45455BE9728}.Debug|Any CPU.Build.0 = Debug|Any CPU
		{D841981F-B8C6-4B3B-94F8-D45455BE9728}.Release|Any CPU.ActiveCfg = Debug|Any CPU
		{D841981F-B8C6-4B3B-94F8-D45455BE9728}.Release|Any CPU.Build.0 = Debug|Any CPU
		{79D456A2-2610-4EAC-BD84-72ED40A6C735}.Debug|Any CPU.ActiveCfg = Debug|Any CPU
		{79D456A2-2610-4EAC-BD84-72ED40A6C735}.Debug|Any CPU.Build.0 = Debug|Any CPU
		{79D456A2-2610-4EAC-BD84-72ED40A6C735}.Release|Any CPU.ActiveCfg = Debug|Any CPU
		{79D456A2-2610-4EAC-BD84-72ED40A6C735}.Release|Any CPU.Build.0 = Debug|Any CPU
		{5A2DA0E7-905D-41C8-855B-53D4011F1890}.Debug|Any CPU.ActiveCfg = Debug|Any CPU
		{5A2DA0E7-905D-41C8-855B-53D4011F1890}.Debug|Any CPU.Build.0 = Debug|Any CPU
		{5A2DA0E7-905D-41C8-855B-53D4011F1890}.Release|Any CPU.ActiveCfg = Debug|Any CPU
		{5A2DA0E7-905D-41C8-855B-53D4011F1890}.Release|Any CPU.Build.0 = Debug|Any CPU
		{BFA543D8-D943-4917-9105-DD0B110DA850}.Debug|Any CPU.ActiveCfg = Debug|Any CPU
		{BFA543D8-D943-4917-9105-DD0B110DA850}.Debug|Any CPU.Build.0 = Debug|Any CPU
		{BFA543D8-D943-4917-9105-DD0B110DA850}.Release|Any CPU.ActiveCfg = Debug|Any CPU
		{BFA543D8-D943-4917-9105-DD0B110DA850}.Release|Any CPU.Build.0 = Debug|Any CPU
	EndGlobalSection
	GlobalSection(SolutionProperties) = preSolution
		HideSolutionNode = FALSE
	EndGlobalSection
	GlobalSection(NestedProjects) = preSolution
		{F11C9933-128C-4B8E-926F-666294E6FBFC} = {0BA11AC6-710B-4A48-8259-E32182719C78}
		{6260C88A-BAA3-48C4-9730-608E178B5883} = {0BA11AC6-710B-4A48-8259-E32182719C78}
		{40C35EA9-3EC0-474D-8941-2DF397332876} = {0BA11AC6-710B-4A48-8259-E32182719C78}
		{D19AF69B-7699-4F00-AA90-D15FF75A07C5} = {0BA11AC6-710B-4A48-8259-E32182719C78}
		{17204E7A-CE2F-41AC-BC30-0C0637193FF4} = {0BA11AC6-710B-4A48-8259-E32182719C78}
		{9BE95991-8268-4685-AB8B-7A4B4A83D877} = {0BA11AC6-710B-4A48-8259-E32182719C78}
	EndGlobalSection
	GlobalSection(ExtensibilityGlobals) = postSolution
		SolutionGuid = {505DC87D-2B0A-4443-8F3F-FA873A91AADF}
	EndGlobalSection
EndGlobal
