
Microsoft Visual Studio Solution File, Format Version 12.00
# Visual Studio Version 16
VisualStudioVersion = 16.0.30309.148
MinimumVisualStudioVersion = 10.0.40219.1
Project("{E24C65DC-7377-472B-9ABA-BC803B73C61A}") = "sdk", "sdk\", "{5A2DA0E7-905D-41C8-855B-53D4011F1890}"
	ProjectSection(WebsiteProperties) = preProject
		TargetFrameworkMoniker = ".NETFramework,Version%3Dv4.0"
		Debug.AspNetCompiler.VirtualPath = "/localhost_50226"
		Debug.AspNetCompiler.PhysicalPath = "sdk\"
		Debug.AspNetCompiler.TargetPath = "PrecompiledWeb\localhost_50226\"
		Debug.AspNetCompiler.Updateable = "true"
		Debug.AspNetCompiler.ForceOverwrite = "true"
		Debug.AspNetCompiler.FixedNames = "false"
		Debug.AspNetCompiler.Debug = "True"
		Release.AspNetCompiler.VirtualPath = "/localhost_50226"
		Release.AspNetCompiler.PhysicalPath = "sdk\"
		Release.AspNetCompiler.TargetPath = "PrecompiledWeb\localhost_50226\"
		Release.AspNetCompiler.Updateable = "true"
		Release.AspNetCompiler.ForceOverwrite = "true"
		Release.AspNetCompiler.FixedNames = "false"
		Release.AspNetCompiler.Debug = "False"
		VWDPort = "50226"
		SlnRelativePath = "sdk\"
	EndProjectSection
EndProject
Project("{E24C65DC-7377-472B-9ABA-BC803B73C61A}") = "test", "test\", "{79D456A2-2610-4EAC-BD84-72ED40A6C735}"
	ProjectSection(WebsiteProperties) = preProject
		TargetFrameworkMoniker = ".NETFramework,Version%3Dv4.0"
		Debug.AspNetCompiler.VirtualPath = "/localhost_50229"
		Debug.AspNetCompiler.PhysicalPath = "test\"
		Debug.AspNetCompiler.TargetPath = "PrecompiledWeb\localhost_50229\"
		Debug.AspNetCompiler.Updateable = "true"
		Debug.AspNetCompiler.ForceOverwrite = "true"
		Debug.AspNetCompiler.FixedNames = "false"
		Debug.AspNetCompiler.Debug = "True"
		Release.AspNetCompiler.VirtualPath = "/localhost_50229"
		Release.AspNetCompiler.PhysicalPath = "test\"
		Release.AspNetCompiler.TargetPath = "PrecompiledWeb\localhost_50229\"
		Release.AspNetCompiler.Updateable = "true"
		Release.AspNetCompiler.ForceOverwrite = "true"
		Release.AspNetCompiler.FixedNames = "false"
		Release.AspNetCompiler.Debug = "False"
		VWDPort = "50229"
		SlnRelativePath = "test\"
	EndProjectSection
EndProject
Project("{2150E333-8FDC-42A3-9474-1A3956D46DE8}") = "test", "test", "{0BA11AC6-710B-4A48-8259-E32182719C78}"
EndProject
Project("{E24C65DC-7377-472B-9ABA-BC803B73C61A}") = "mc", "..\mc\", "{107EAEE3-3BEB-4481-87EC-AD4ED0EE1C63}"
	ProjectSection(WebsiteProperties) = preProject
		TargetFrameworkMoniker = ".NETFramework,Version%3Dv4.0"
		Debug.AspNetCompiler.VirtualPath = "/localhost_50255"
		Debug.AspNetCompiler.PhysicalPath = "..\mc\"
		Debug.AspNetCompiler.TargetPath = "PrecompiledWeb\localhost_50255\"
		Debug.AspNetCompiler.Updateable = "true"
		Debug.AspNetCompiler.ForceOverwrite = "true"
		Debug.AspNetCompiler.FixedNames = "false"
		Debug.AspNetCompiler.Debug = "True"
		Release.AspNetCompiler.VirtualPath = "/localhost_50255"
		Release.AspNetCompiler.PhysicalPath = "..\mc\"
		Release.AspNetCompiler.TargetPath = "PrecompiledWeb\localhost_50255\"
		Release.AspNetCompiler.Updateable = "true"
		Release.AspNetCompiler.ForceOverwrite = "true"
		Release.AspNetCompiler.FixedNames = "false"
		Release.AspNetCompiler.Debug = "False"
		VWDPort = "50255"
		SlnRelativePath = "..\mc\"
	EndProjectSection
EndProject
Global
	GlobalSection(SolutionConfigurationPlatforms) = preSolution
		Debug|Any CPU = Debug|Any CPU
	EndGlobalSection
	GlobalSection(ProjectConfigurationPlatforms) = postSolution
		{5A2DA0E7-905D-41C8-855B-53D4011F1890}.Debug|Any CPU.ActiveCfg = Debug|Any CPU
		{5A2DA0E7-905D-41C8-855B-53D4011F1890}.Debug|Any CPU.Build.0 = Debug|Any CPU
		{79D456A2-2610-4EAC-BD84-72ED40A6C735}.Debug|Any CPU.ActiveCfg = Debug|Any CPU
		{79D456A2-2610-4EAC-BD84-72ED40A6C735}.Debug|Any CPU.Build.0 = Debug|Any CPU
		{107EAEE3-3BEB-4481-87EC-AD4ED0EE1C63}.Debug|Any CPU.ActiveCfg = Debug|Any CPU
		{107EAEE3-3BEB-4481-87EC-AD4ED0EE1C63}.Debug|Any CPU.Build.0 = Debug|Any CPU
	EndGlobalSection
	GlobalSection(SolutionProperties) = preSolution
		HideSolutionNode = FALSE
	EndGlobalSection
	GlobalSection(NestedProjects) = preSolution
		{5A2DA0E7-905D-41C8-855B-53D4011F1890} = {0BA11AC6-710B-4A48-8259-E32182719C78}
		{107EAEE3-3BEB-4481-87EC-AD4ED0EE1C63} = {0BA11AC6-710B-4A48-8259-E32182719C78}
	EndGlobalSection
	GlobalSection(ExtensibilityGlobals) = postSolution
		SolutionGuid = {505DC87D-2B0A-4443-8F3F-FA873A91AADF}
	EndGlobalSection
EndGlobal
